
Microsoft Visual Studio Solution File, Format Version 12.00
# Visual Studio Version 17
VisualStudioVersion = 17.6.33829.357
MinimumVisualStudioVersion = 10.0.40219.1
Project("{FAE04EC0-301F-11D3-BF4B-00C04F79EFBC}") = "RabbitMQ.Consumer", "RabbitMQ.Consumer\RabbitMQ.Consumer.csproj", "{92B81188-23AA-4FD2-B7CE-7D186B93868D}"
EndProject
Project("{FAE04EC0-301F-11D3-BF4B-00C04F79EFBC}") = "RabbitMQ.Publisher", "RabbitMQ.Publisher\RabbitMQ.Publisher.csproj", "{83801FE9-B687-47FC-A5EF-2016DC7A4DC7}"
EndProject
Project("{FAE04EC0-301F-11D3-BF4B-00C04F79EFBC}") = "RabbitMQ.Direct.Exchange.Publisher", "RabbitMQ.Direct.Exchange.Publisher\RabbitMQ.Direct.Exchange.Publisher.csproj", "{602A84D3-D3ED-49AE-BC0F-C6257AF8DA56}"
EndProject
Project("{FAE04EC0-301F-11D3-BF4B-00C04F79EFBC}") = "RabbitMQ.Direct.Exchange.Consumer", "RabbitMQ.Direct.Exchange.Consumer\RabbitMQ.Direct.Exchange.Consumer.csproj", "{9B5E8DCE-6A67-49F9-BE17-A406234E22FB}"
EndProject
Project("{FAE04EC0-301F-11D3-BF4B-00C04F79EFBC}") = "RabbitMQ.Fanout.Exchange.Publisher", "RabbitMQ.Fanout.Exchange.Publisher\RabbitMQ.Fanout.Exchange.Publisher.csproj", "{9CFDECFD-8927-49D3-904D-ABFD6341F334}"
EndProject
Project("{FAE04EC0-301F-11D3-BF4B-00C04F79EFBC}") = "RabbitMQ.Fanout.Exchange.Consumer", "RabbitMQ.Fanout.Exchange.Consumer\RabbitMQ.Fanout.Exchange.Consumer.csproj", "{DC9F2294-85EF-491F-81AA-0D79C4BF5B39}"
EndProject
Project("{FAE04EC0-301F-11D3-BF4B-00C04F79EFBC}") = "RabbitMQ.Topic.Exchange.Publisher", "RabbitMQ.Topic.Exchange.Publisher\RabbitMQ.Topic.Exchange.Publisher.csproj", "{58F722DF-4081-43D1-9F96-6A3B19C36346}"
EndProject
Project("{FAE04EC0-301F-11D3-BF4B-00C04F79EFBC}") = "RabbitMQ.Topic.Exchange.Consumer", "RabbitMQ.Topic.Exchange.Consumer\RabbitMQ.Topic.Exchange.Consumer.csproj", "{81047C59-16EE-4271-AA21-BCDD0DFDE22B}"
EndProject
Project("{FAE04EC0-301F-11D3-BF4B-00C04F79EFBC}") = "RabbitMQ.Header.Exchange.Publisher", "RabbitMQ.Header.Exchange.Publisher\RabbitMQ.Header.Exchange.Publisher.csproj", "{0587BEAA-60DA-44BB-8B51-20FE8D02E878}"
EndProject
Project("{FAE04EC0-301F-11D3-BF4B-00C04F79EFBC}") = "RabbitMQ.Header.Exchange.Consumer", "RabbitMQ.Header.Exchange.Consumer\RabbitMQ.Header.Exchange.Consumer.csproj", "{DA66E870-4B50-4156-ABFE-59F8F4C62CB2}"
EndProject
Global
	GlobalSection(SolutionConfigurationPlatforms) = preSolution
		Debug|Any CPU = Debug|Any CPU
		Release|Any CPU = Release|Any CPU
	EndGlobalSection
	GlobalSection(ProjectConfigurationPlatforms) = postSolution
		{92B81188-23AA-4FD2-B7CE-7D186B93868D}.Debug|Any CPU.ActiveCfg = Debug|Any CPU
		{92B81188-23AA-4FD2-B7CE-7D186B93868D}.Debug|Any CPU.Build.0 = Debug|Any CPU
		{92B81188-23AA-4FD2-B7CE-7D186B93868D}.Release|Any CPU.ActiveCfg = Release|Any CPU
		{92B81188-23AA-4FD2-B7CE-7D186B93868D}.Release|Any CPU.Build.0 = Release|Any CPU
		{83801FE9-B687-47FC-A5EF-2016DC7A4DC7}.Debug|Any CPU.ActiveCfg = Debug|Any CPU
		{83801FE9-B687-47FC-A5EF-2016DC7A4DC7}.Debug|Any CPU.Build.0 = Debug|Any CPU
		{83801FE9-B687-47FC-A5EF-2016DC7A4DC7}.Release|Any CPU.ActiveCfg = Release|Any CPU
		{83801FE9-B687-47FC-A5EF-2016DC7A4DC7}.Release|Any CPU.Build.0 = Release|Any CPU
		{602A84D3-D3ED-49AE-BC0F-C6257AF8DA56}.Debug|Any CPU.ActiveCfg = Debug|Any CPU
		{602A84D3-D3ED-49AE-BC0F-C6257AF8DA56}.Debug|Any CPU.Build.0 = Debug|Any CPU
		{602A84D3-D3ED-49AE-BC0F-C6257AF8DA56}.Release|Any CPU.ActiveCfg = Release|Any CPU
		{602A84D3-D3ED-49AE-BC0F-C6257AF8DA56}.Release|Any CPU.Build.0 = Release|Any CPU
		{9B5E8DCE-6A67-49F9-BE17-A406234E22FB}.Debug|Any CPU.ActiveCfg = Debug|Any CPU
		{9B5E8DCE-6A67-49F9-BE17-A406234E22FB}.Debug|Any CPU.Build.0 = Debug|Any CPU
		{9B5E8DCE-6A67-49F9-BE17-A406234E22FB}.Release|Any CPU.ActiveCfg = Release|Any CPU
		{9B5E8DCE-6A67-49F9-BE17-A406234E22FB}.Release|Any CPU.Build.0 = Release|Any CPU
		{9CFDECFD-8927-49D3-904D-ABFD6341F334}.Debug|Any CPU.ActiveCfg = Debug|Any CPU
		{9CFDECFD-8927-49D3-904D-ABFD6341F334}.Debug|Any CPU.Build.0 = Debug|Any CPU
		{9CFDECFD-8927-49D3-904D-ABFD6341F334}.Release|Any CPU.ActiveCfg = Release|Any CPU
		{9CFDECFD-8927-49D3-904D-ABFD6341F334}.Release|Any CPU.Build.0 = Release|Any CPU
		{DC9F2294-85EF-491F-81AA-0D79C4BF5B39}.Debug|Any CPU.ActiveCfg = Debug|Any CPU
		{DC9F2294-85EF-491F-81AA-0D79C4BF5B39}.Debug|Any CPU.Build.0 = Debug|Any CPU
		{DC9F2294-85EF-491F-81AA-0D79C4BF5B39}.Release|Any CPU.ActiveCfg = Release|Any CPU
		{DC9F2294-85EF-491F-81AA-0D79C4BF5B39}.Release|Any CPU.Build.0 = Release|Any CPU
		{58F722DF-4081-43D1-9F96-6A3B19C36346}.Debug|Any CPU.ActiveCfg = Debug|Any CPU
		{58F722DF-4081-43D1-9F96-6A3B19C36346}.Debug|Any CPU.Build.0 = Debug|Any CPU
		{58F722DF-4081-43D1-9F96-6A3B19C36346}.Release|Any CPU.ActiveCfg = Release|Any CPU
		{58F722DF-4081-43D1-9F96-6A3B19C36346}.Release|Any CPU.Build.0 = Release|Any CPU
		{81047C59-16EE-4271-AA21-BCDD0DFDE22B}.Debug|Any CPU.ActiveCfg = Debug|Any CPU
		{81047C59-16EE-4271-AA21-BCDD0DFDE22B}.Debug|Any CPU.Build.0 = Debug|Any CPU
		{81047C59-16EE-4271-AA21-BCDD0DFDE22B}.Release|Any CPU.ActiveCfg = Release|Any CPU
		{81047C59-16EE-4271-AA21-BCDD0DFDE22B}.Release|Any CPU.Build.0 = Release|Any CPU
		{0587BEAA-60DA-44BB-8B51-20FE8D02E878}.Debug|Any CPU.ActiveCfg = Debug|Any CPU
		{0587BEAA-60DA-44BB-8B51-20FE8D02E878}.Debug|Any CPU.Build.0 = Debug|Any CPU
		{0587BEAA-60DA-44BB-8B51-20FE8D02E878}.Release|Any CPU.ActiveCfg = Release|Any CPU
		{0587BEAA-60DA-44BB-8B51-20FE8D02E878}.Release|Any CPU.Build.0 = Release|Any CPU
		{DA66E870-4B50-4156-ABFE-59F8F4C62CB2}.Debug|Any CPU.ActiveCfg = Debug|Any CPU
		{DA66E870-4B50-4156-ABFE-59F8F4C62CB2}.Debug|Any CPU.Build.0 = Debug|Any CPU
		{DA66E870-4B50-4156-ABFE-59F8F4C62CB2}.Release|Any CPU.ActiveCfg = Release|Any CPU
		{DA66E870-4B50-4156-ABFE-59F8F4C62CB2}.Release|Any CPU.Build.0 = Release|Any CPU
	EndGlobalSection
	GlobalSection(SolutionProperties) = preSolution
		HideSolutionNode = FALSE
	EndGlobalSection
	GlobalSection(ExtensibilityGlobals) = postSolution
		SolutionGuid = {32BA1E7B-2B61-4561-AE59-BDA8B05F5868}
	EndGlobalSection
EndGlobal
